
Microsoft Visual Studio Solution File, Format Version 12.00
# Visual Studio 15
VisualStudioVersion = 15.0.27428.2015
MinimumVisualStudioVersion = 10.0.40219.1
Project("{2150E333-8FDC-42A3-9474-1A3956D46DE8}") = "1 - Presentation", "1 - Presentation", "{A3AC5AAA-70D2-4851-8BBD-76580DE86FB5}"
EndProject
Project("{2150E333-8FDC-42A3-9474-1A3956D46DE8}") = "2 - Domain", "2 - Domain", "{3AF0BD69-7083-49F4-846A-47B72920D430}"
EndProject
Project("{FAE04EC0-301F-11D3-BF4B-00C04F79EFBC}") = "calcula.ai.Core", "calcula.ai.Core\calcula.ai.Core.csproj", "{46D62B3F-4376-4421-B730-1773BC531550}"
EndProject
Project("{2150E333-8FDC-42A3-9474-1A3956D46DE8}") = "3 - Tests", "3 - Tests", "{31908DC6-E94F-4B5B-9A6D-FF5655EA2893}"
EndProject
Project("{FAE04EC0-301F-11D3-BF4B-00C04F79EFBC}") = "calcula.ai.Core.Tests", "calcula.ai.Core.Tests\calcula.ai.Core.Tests.csproj", "{551DE69C-7064-4180-BD89-5977012C21C7}"
EndProject
Project("{FAE04EC0-301F-11D3-BF4B-00C04F79EFBC}") = "CalculaAI", "CalculaAI\CalculaAI.csproj", "{0A9402F0-2215-407C-9CB1-D58F887CE6F8}"
EndProject
Project("{FAE04EC0-301F-11D3-BF4B-00C04F79EFBC}") = "CalculaAI.iOS", "iOS\CalculaAI.iOS.csproj", "{55784430-2367-436E-9B3E-9093430DD539}"
EndProject
Global
	GlobalSection(SolutionConfigurationPlatforms) = preSolution
		Ad-Hoc|Any CPU = Ad-Hoc|Any CPU
		Ad-Hoc|iPhone = Ad-Hoc|iPhone
		Ad-Hoc|iPhoneSimulator = Ad-Hoc|iPhoneSimulator
		AppStore|Any CPU = AppStore|Any CPU
		AppStore|iPhone = AppStore|iPhone
		AppStore|iPhoneSimulator = AppStore|iPhoneSimulator
		Debug|Any CPU = Debug|Any CPU
		Debug|iPhone = Debug|iPhone
		Debug|iPhoneSimulator = Debug|iPhoneSimulator
		Release|Any CPU = Release|Any CPU
		Release|iPhone = Release|iPhone
		Release|iPhoneSimulator = Release|iPhoneSimulator
	EndGlobalSection
	GlobalSection(ProjectConfigurationPlatforms) = postSolution
		{46D62B3F-4376-4421-B730-1773BC531550}.Ad-Hoc|Any CPU.ActiveCfg = Debug|Any CPU
		{46D62B3F-4376-4421-B730-1773BC531550}.Ad-Hoc|Any CPU.Build.0 = Debug|Any CPU
		{46D62B3F-4376-4421-B730-1773BC531550}.Ad-Hoc|iPhone.ActiveCfg = Debug|Any CPU
		{46D62B3F-4376-4421-B730-1773BC531550}.Ad-Hoc|iPhone.Build.0 = Debug|Any CPU
		{46D62B3F-4376-4421-B730-1773BC531550}.Ad-Hoc|iPhoneSimulator.ActiveCfg = Debug|Any CPU
		{46D62B3F-4376-4421-B730-1773BC531550}.Ad-Hoc|iPhoneSimulator.Build.0 = Debug|Any CPU
		{46D62B3F-4376-4421-B730-1773BC531550}.AppStore|Any CPU.ActiveCfg = Debug|Any CPU
		{46D62B3F-4376-4421-B730-1773BC531550}.AppStore|Any CPU.Build.0 = Debug|Any CPU
		{46D62B3F-4376-4421-B730-1773BC531550}.AppStore|iPhone.ActiveCfg = Debug|Any CPU
		{46D62B3F-4376-4421-B730-1773BC531550}.AppStore|iPhone.Build.0 = Debug|Any CPU
		{46D62B3F-4376-4421-B730-1773BC531550}.AppStore|iPhoneSimulator.ActiveCfg = Debug|Any CPU
		{46D62B3F-4376-4421-B730-1773BC531550}.AppStore|iPhoneSimulator.Build.0 = Debug|Any CPU
		{46D62B3F-4376-4421-B730-1773BC531550}.Debug|Any CPU.ActiveCfg = Debug|Any CPU
		{46D62B3F-4376-4421-B730-1773BC531550}.Debug|Any CPU.Build.0 = Debug|Any CPU
		{46D62B3F-4376-4421-B730-1773BC531550}.Debug|iPhone.ActiveCfg = Debug|Any CPU
		{46D62B3F-4376-4421-B730-1773BC531550}.Debug|iPhone.Build.0 = Debug|Any CPU
		{46D62B3F-4376-4421-B730-1773BC531550}.Debug|iPhoneSimulator.ActiveCfg = Debug|Any CPU
		{46D62B3F-4376-4421-B730-1773BC531550}.Debug|iPhoneSimulator.Build.0 = Debug|Any CPU
		{46D62B3F-4376-4421-B730-1773BC531550}.Release|Any CPU.ActiveCfg = Release|Any CPU
		{46D62B3F-4376-4421-B730-1773BC531550}.Release|Any CPU.Build.0 = Release|Any CPU
		{46D62B3F-4376-4421-B730-1773BC531550}.Release|iPhone.ActiveCfg = Release|Any CPU
		{46D62B3F-4376-4421-B730-1773BC531550}.Release|iPhone.Build.0 = Release|Any CPU
		{46D62B3F-4376-4421-B730-1773BC531550}.Release|iPhoneSimulator.ActiveCfg = Release|Any CPU
		{46D62B3F-4376-4421-B730-1773BC531550}.Release|iPhoneSimulator.Build.0 = Release|Any CPU
		{551DE69C-7064-4180-BD89-5977012C21C7}.Ad-Hoc|Any CPU.ActiveCfg = Debug|Any CPU
		{551DE69C-7064-4180-BD89-5977012C21C7}.Ad-Hoc|Any CPU.Build.0 = Debug|Any CPU
		{551DE69C-7064-4180-BD89-5977012C21C7}.Ad-Hoc|iPhone.ActiveCfg = Debug|Any CPU
		{551DE69C-7064-4180-BD89-5977012C21C7}.Ad-Hoc|iPhone.Build.0 = Debug|Any CPU
		{551DE69C-7064-4180-BD89-5977012C21C7}.Ad-Hoc|iPhoneSimulator.ActiveCfg = Debug|Any CPU
		{551DE69C-7064-4180-BD89-5977012C21C7}.Ad-Hoc|iPhoneSimulator.Build.0 = Debug|Any CPU
		{551DE69C-7064-4180-BD89-5977012C21C7}.AppStore|Any CPU.ActiveCfg = Debug|Any CPU
		{551DE69C-7064-4180-BD89-5977012C21C7}.AppStore|Any CPU.Build.0 = Debug|Any CPU
		{551DE69C-7064-4180-BD89-5977012C21C7}.AppStore|iPhone.ActiveCfg = Debug|Any CPU
		{551DE69C-7064-4180-BD89-5977012C21C7}.AppStore|iPhone.Build.0 = Debug|Any CPU
		{551DE69C-7064-4180-BD89-5977012C21C7}.AppStore|iPhoneSimulator.ActiveCfg = Debug|Any CPU
		{551DE69C-7064-4180-BD89-5977012C21C7}.AppStore|iPhoneSimulator.Build.0 = Debug|Any CPU
		{551DE69C-7064-4180-BD89-5977012C21C7}.Debug|Any CPU.ActiveCfg = Debug|Any CPU
		{551DE69C-7064-4180-BD89-5977012C21C7}.Debug|Any CPU.Build.0 = Debug|Any CPU
		{551DE69C-7064-4180-BD89-5977012C21C7}.Debug|iPhone.ActiveCfg = Debug|Any CPU
		{551DE69C-7064-4180-BD89-5977012C21C7}.Debug|iPhone.Build.0 = Debug|Any CPU
		{551DE69C-7064-4180-BD89-5977012C21C7}.Debug|iPhoneSimulator.ActiveCfg = Debug|Any CPU
		{551DE69C-7064-4180-BD89-5977012C21C7}.Debug|iPhoneSimulator.Build.0 = Debug|Any CPU
		{551DE69C-7064-4180-BD89-5977012C21C7}.Release|Any CPU.ActiveCfg = Release|Any CPU
		{551DE69C-7064-4180-BD89-5977012C21C7}.Release|Any CPU.Build.0 = Release|Any CPU
		{551DE69C-7064-4180-BD89-5977012C21C7}.Release|iPhone.ActiveCfg = Release|Any CPU
		{551DE69C-7064-4180-BD89-5977012C21C7}.Release|iPhone.Build.0 = Release|Any CPU
		{551DE69C-7064-4180-BD89-5977012C21C7}.Release|iPhoneSimulator.ActiveCfg = Release|Any CPU
		{551DE69C-7064-4180-BD89-5977012C21C7}.Release|iPhoneSimulator.Build.0 = Release|Any CPU
		{0A9402F0-2215-407C-9CB1-D58F887CE6F8}.Ad-Hoc|Any CPU.ActiveCfg = Debug|Any CPU
		{0A9402F0-2215-407C-9CB1-D58F887CE6F8}.Ad-Hoc|Any CPU.Build.0 = Debug|Any CPU
		{0A9402F0-2215-407C-9CB1-D58F887CE6F8}.Ad-Hoc|iPhone.ActiveCfg = Debug|Any CPU
		{0A9402F0-2215-407C-9CB1-D58F887CE6F8}.Ad-Hoc|iPhone.Build.0 = Debug|Any CPU
		{0A9402F0-2215-407C-9CB1-D58F887CE6F8}.Ad-Hoc|iPhoneSimulator.ActiveCfg = Debug|Any CPU
		{0A9402F0-2215-407C-9CB1-D58F887CE6F8}.Ad-Hoc|iPhoneSimulator.Build.0 = Debug|Any CPU
		{0A9402F0-2215-407C-9CB1-D58F887CE6F8}.AppStore|Any CPU.ActiveCfg = Debug|Any CPU
		{0A9402F0-2215-407C-9CB1-D58F887CE6F8}.AppStore|Any CPU.Build.0 = Debug|Any CPU
		{0A9402F0-2215-407C-9CB1-D58F887CE6F8}.AppStore|iPhone.ActiveCfg = Debug|Any CPU
		{0A9402F0-2215-407C-9CB1-D58F887CE6F8}.AppStore|iPhone.Build.0 = Debug|Any CPU
		{0A9402F0-2215-407C-9CB1-D58F887CE6F8}.AppStore|iPhoneSimulator.ActiveCfg = Debug|Any CPU
		{0A9402F0-2215-407C-9CB1-D58F887CE6F8}.AppStore|iPhoneSimulator.Build.0 = Debug|Any CPU
		{0A9402F0-2215-407C-9CB1-D58F887CE6F8}.Debug|Any CPU.ActiveCfg = Debug|Any CPU
		{0A9402F0-2215-407C-9CB1-D58F887CE6F8}.Debug|Any CPU.Build.0 = Debug|Any CPU
		{0A9402F0-2215-407C-9CB1-D58F887CE6F8}.Debug|iPhone.ActiveCfg = Debug|Any CPU
		{0A9402F0-2215-407C-9CB1-D58F887CE6F8}.Debug|iPhone.Build.0 = Debug|Any CPU
		{0A9402F0-2215-407C-9CB1-D58F887CE6F8}.Debug|iPhoneSimulator.ActiveCfg = Debug|Any CPU
		{0A9402F0-2215-407C-9CB1-D58F887CE6F8}.Debug|iPhoneSimulator.Build.0 = Debug|Any CPU
		{0A9402F0-2215-407C-9CB1-D58F887CE6F8}.Release|Any CPU.ActiveCfg = Release|Any CPU
		{0A9402F0-2215-407C-9CB1-D58F887CE6F8}.Release|Any CPU.Build.0 = Release|Any CPU
		{0A9402F0-2215-407C-9CB1-D58F887CE6F8}.Release|iPhone.ActiveCfg = Release|Any CPU
		{0A9402F0-2215-407C-9CB1-D58F887CE6F8}.Release|iPhone.Build.0 = Release|Any CPU
		{0A9402F0-2215-407C-9CB1-D58F887CE6F8}.Release|iPhoneSimulator.ActiveCfg = Release|Any CPU
		{0A9402F0-2215-407C-9CB1-D58F887CE6F8}.Release|iPhoneSimulator.Build.0 = Release|Any CPU
		{55784430-2367-436E-9B3E-9093430DD539}.Ad-Hoc|Any CPU.ActiveCfg = Debug|iPhoneSimulator
		{55784430-2367-436E-9B3E-9093430DD539}.Ad-Hoc|Any CPU.Build.0 = Debug|iPhoneSimulator
		{55784430-2367-436E-9B3E-9093430DD539}.Ad-Hoc|iPhone.ActiveCfg = Release|iPhone
		{55784430-2367-436E-9B3E-9093430DD539}.Ad-Hoc|iPhone.Build.0 = Release|iPhone
		{55784430-2367-436E-9B3E-9093430DD539}.Ad-Hoc|iPhoneSimulator.ActiveCfg = Debug|iPhoneSimulator
		{55784430-2367-436E-9B3E-9093430DD539}.Ad-Hoc|iPhoneSimulator.Build.0 = Debug|iPhoneSimulator
		{55784430-2367-436E-9B3E-9093430DD539}.AppStore|Any CPU.ActiveCfg = Debug|iPhoneSimulator
		{55784430-2367-436E-9B3E-9093430DD539}.AppStore|Any CPU.Build.0 = Debug|iPhoneSimulator
		{55784430-2367-436E-9B3E-9093430DD539}.AppStore|iPhone.ActiveCfg = Release|iPhone
		{55784430-2367-436E-9B3E-9093430DD539}.AppStore|iPhone.Build.0 = Release|iPhone
		{55784430-2367-436E-9B3E-9093430DD539}.AppStore|iPhoneSimulator.ActiveCfg = Debug|iPhoneSimulator
		{55784430-2367-436E-9B3E-9093430DD539}.AppStore|iPhoneSimulator.Build.0 = Debug|iPhoneSimulator
		{55784430-2367-436E-9B3E-9093430DD539}.Debug|Any CPU.ActiveCfg = Debug|iPhoneSimulator
		{55784430-2367-436E-9B3E-9093430DD539}.Debug|Any CPU.Build.0 = Debug|iPhoneSimulator
		{55784430-2367-436E-9B3E-9093430DD539}.Debug|iPhone.ActiveCfg = Debug|iPhone
		{55784430-2367-436E-9B3E-9093430DD539}.Debug|iPhone.Build.0 = Debug|iPhone
		{55784430-2367-436E-9B3E-9093430DD539}.Debug|iPhoneSimulator.ActiveCfg = Debug|iPhoneSimulator
		{55784430-2367-436E-9B3E-9093430DD539}.Debug|iPhoneSimulator.Build.0 = Debug|iPhoneSimulator
		{55784430-2367-436E-9B3E-9093430DD539}.Release|Any CPU.ActiveCfg = Release|iPhone
		{55784430-2367-436E-9B3E-9093430DD539}.Release|Any CPU.Build.0 = Release|iPhone
		{55784430-2367-436E-9B3E-9093430DD539}.Release|iPhone.ActiveCfg = Release|iPhone
		{55784430-2367-436E-9B3E-9093430DD539}.Release|iPhone.Build.0 = Release|iPhone
		{55784430-2367-436E-9B3E-9093430DD539}.Release|iPhoneSimulator.ActiveCfg = Release|iPhoneSimulator
		{55784430-2367-436E-9B3E-9093430DD539}.Release|iPhoneSimulator.Build.0 = Release|iPhoneSimulator
	EndGlobalSection
	GlobalSection(SolutionProperties) = preSolution
		HideSolutionNode = FALSE
	EndGlobalSection
	GlobalSection(NestedProjects) = preSolution
		{46D62B3F-4376-4421-B730-1773BC531550} = {3AF0BD69-7083-49F4-846A-47B72920D430}
		{551DE69C-7064-4180-BD89-5977012C21C7} = {31908DC6-E94F-4B5B-9A6D-FF5655EA2893}
		{0A9402F0-2215-407C-9CB1-D58F887CE6F8} = {A3AC5AAA-70D2-4851-8BBD-76580DE86FB5}
		{55784430-2367-436E-9B3E-9093430DD539} = {A3AC5AAA-70D2-4851-8BBD-76580DE86FB5}
	EndGlobalSection
	GlobalSection(ExtensibilityGlobals) = postSolution
		SolutionGuid = {3313E1C6-E36E-4DDB-9A9D-795F0BD45B5B}
	EndGlobalSection
EndGlobal
